// !$*UTF8*$!
{
	archiveVersion = 1;
	classes = {
	};
	objectVersion = 77;
	objects = {

/* Begin PBXContainerItemProxy section */
		747E10C32E433F1C00AE9424 /* PBXContainerItemProxy */ = {
			isa = PBXContainerItemProxy;
			containerPortal = 747E10AC2E433F1A00AE9424 /* Project object */;
			proxyType = 1;
			remoteGlobalIDString = 747E10B32E433F1A00AE9424;
			remoteInfo = wifiautologin;
		};
		747E10CD2E433F1C00AE9424 /* PBXContainerItemProxy */ = {
			isa = PBXContainerItemProxy;
			containerPortal = 747E10AC2E433F1A00AE9424 /* Project object */;
			proxyType = 1;
			remoteGlobalIDString = 747E10B32E433F1A00AE9424;
			remoteInfo = wifiautologin;
		};
/* End PBXContainerItemProxy section */

/* Begin PBXFileReference section */
		747E10B42E433F1A00AE9424 /* wifiautologin.app */ = {isa = PBXFileReference; explicitFileType = wrapper.application; includeInIndex = 0; path = wifiautologin.app; sourceTree = BUILT_PRODUCTS_DIR; };
		747E10C22E433F1C00AE9424 /* wifiautologinTests.xctest */ = {isa = PBXFileReference; explicitFileType = wrapper.cfbundle; includeInIndex = 0; path = wifiautologinTests.xctest; sourceTree = BUILT_PRODUCTS_DIR; };
		747E10CC2E433F1C00AE9424 /* wifiautologinUITests.xctest */ = {isa = PBXFileReference; explicitFileType = wrapper.cfbundle; includeInIndex = 0; path = wifiautologinUITests.xctest; sourceTree = BUILT_PRODUCTS_DIR; };
/* End PBXFileReference section */

/* Begin PBXFileSystemSynchronizedRootGroup section */
		747E10B62E433F1A00AE9424 /* wifiautologin */ = {
			isa = PBXFileSystemSynchronizedRootGroup;
			path = wifiautologin;
			sourceTree = "<group>";
		};
		747E10C52E433F1C00AE9424 /* wifiautologinTests */ = {
			isa = PBXFileSystemSynchronizedRootGroup;
			path = wifiautologinTests;
			sourceTree = "<group>";
		};
		747E10CF2E433F1C00AE9424 /* wifiautologinUITests */ = {
			isa = PBXFileSystemSynchronizedRootGroup;
			path = wifiautologinUITests;
			sourceTree = "<group>";
		};
/* End PBXFileSystemSynchronizedRootGroup section */

/* Begin PBXFrameworksBuildPhase section */
		747E10B12E433F1A00AE9424 /* Frameworks */ = {
			isa = PBXFrameworksBuildPhase;
			buildActionMask = 2147483647;
			files = (
			);
			runOnlyForDeploymentPostprocessing = 0;
		};
		747E10BF2E433F1C00AE9424 /* Frameworks */ = {
			isa = PBXFrameworksBuildPhase;
			buildActionMask = 2147483647;
			files = (
			);
			runOnlyForDeploymentPostprocessing = 0;
		};
		747E10C92E433F1C00AE9424 /* Frameworks */ = {
			isa = PBXFrameworksBuildPhase;
			buildActionMask = 2147483647;
			files = (
			);
			runOnlyForDeploymentPostprocessing = 0;
		};
/* End PBXFrameworksBuildPhase section */

/* Begin PBXGroup section */
		747E10AB2E433F1A00AE9424 = {
			isa = PBXGroup;
			children = (
				747E10B62E433F1A00AE9424 /* wifiautologin */,
				747E10C52E433F1C00AE9424 /* wifiautologinTests */,
				747E10CF2E433F1C00AE9424 /* wifiautologinUITests */,
				747E10B52E433F1A00AE9424 /* Products */,
			);
			sourceTree = "<group>";
		};
		747E10B52E433F1A00AE9424 /* Products */ = {
			isa = PBXGroup;
			children = (
				747E10B42E433F1A00AE9424 /* wifiautologin.app */,
				747E10C22E433F1C00AE9424 /* wifiautologinTests.xctest */,
				747E10CC2E433F1C00AE9424 /* wifiautologinUITests.xctest */,
			);
			name = Products;
			sourceTree = "<group>";
		};
/* End PBXGroup section */

/* Begin PBXNativeTarget section */
		747E10B32E433F1A00AE9424 /* wifiautologin */ = {
			isa = PBXNativeTarget;
			buildConfigurationList = 747E10D62E433F1C00AE9424 /* Build configuration list for PBXNativeTarget "wifiautologin" */;
			buildPhases = (
				747E10B02E433F1A00AE9424 /* Sources */,
				747E10B12E433F1A00AE9424 /* Frameworks */,
				747E10B22E433F1A00AE9424 /* Resources */,
			);
			buildRules = (
			);
			dependencies = (
			);
			fileSystemSynchronizedGroups = (
				747E10B62E433F1A00AE9424 /* wifiautologin */,
			);
			name = wifiautologin;
			packageProductDependencies = (
			);
			productName = wifiautologin;
			productReference = 747E10B42E433F1A00AE9424 /* wifiautologin.app */;
			productType = "com.apple.product-type.application";
		};
		747E10C12E433F1C00AE9424 /* wifiautologinTests */ = {
			isa = PBXNativeTarget;
			buildConfigurationList = 747E10D92E433F1C00AE9424 /* Build configuration list for PBXNativeTarget "wifiautologinTests" */;
			buildPhases = (
				747E10BE2E433F1C00AE9424 /* Sources */,
				747E10BF2E433F1C00AE9424 /* Frameworks */,
				747E10C02E433F1C00AE9424 /* Resources */,
			);
			buildRules = (
			);
			dependencies = (
				747E10C42E433F1C00AE9424 /* PBXTargetDependency */,
			);
			fileSystemSynchronizedGroups = (
				747E10C52E433F1C00AE9424 /* wifiautologinTests */,
			);
			name = wifiautologinTests;
			packageProductDependencies = (
			);
			productName = wifiautologinTests;
			productReference = 747E10C22E433F1C00AE9424 /* wifiautologinTests.xctest */;
			productType = "com.apple.product-type.bundle.unit-test";
		};
		747E10CB2E433F1C00AE9424 /* wifiautologinUITests */ = {
			isa = PBXNativeTarget;
			buildConfigurationList = 747E10DC2E433F1C00AE9424 /* Build configuration list for PBXNativeTarget "wifiautologinUITests" */;
			buildPhases = (
				747E10C82E433F1C00AE9424 /* Sources */,
				747E10C92E433F1C00AE9424 /* Frameworks */,
				747E10CA2E433F1C00AE9424 /* Resources */,
			);
			buildRules = (
			);
			dependencies = (
				747E10CE2E433F1C00AE9424 /* PBXTargetDependency */,
			);
			fileSystemSynchronizedGroups = (
				747E10CF2E433F1C00AE9424 /* wifiautologinUITests */,
			);
			name = wifiautologinUITests;
			packageProductDependencies = (
			);
			productName = wifiautologinUITests;
			productReference = 747E10CC2E433F1C00AE9424 /* wifiautologinUITests.xctest */;
			productType = "com.apple.product-type.bundle.ui-testing";
		};
/* End PBXNativeTarget section */

/* Begin PBXProject section */
		747E10AC2E433F1A00AE9424 /* Project object */ = {
			isa = PBXProject;
			attributes = {
				BuildIndependentTargetsInParallel = 1;
				LastSwiftUpdateCheck = 1640;
				LastUpgradeCheck = 1640;
				TargetAttributes = {
					747E10B32E433F1A00AE9424 = {
						CreatedOnToolsVersion = 16.4;
					};
					747E10C12E433F1C00AE9424 = {
						CreatedOnToolsVersion = 16.4;
						TestTargetID = 747E10B32E433F1A00AE9424;
					};
					747E10CB2E433F1C00AE9424 = {
						CreatedOnToolsVersion = 16.4;
						TestTargetID = 747E10B32E433F1A00AE9424;
					};
				};
			};
			buildConfigurationList = 747E10AF2E433F1A00AE9424 /* Build configuration list for PBXProject "wifiautologin" */;
			developmentRegion = en;
			hasScannedForEncodings = 0;
			knownRegions = (
				en,
				Base,
			);
			mainGroup = 747E10AB2E433F1A00AE9424;
			minimizedProjectReferenceProxies = 1;
			preferredProjectObjectVersion = 77;
			productRefGroup = 747E10B52E433F1A00AE9424 /* Products */;
			projectDirPath = "";
			projectRoot = "";
			targets = (
				747E10B32E433F1A00AE9424 /* wifiautologin */,
				747E10C12E433F1C00AE9424 /* wifiautologinTests */,
				747E10CB2E433F1C00AE9424 /* wifiautologinUITests */,
			);
		};
/* End PBXProject section */

/* Begin PBXResourcesBuildPhase section */
		747E10B22E433F1A00AE9424 /* Resources */ = {
			isa = PBXResourcesBuildPhase;
			buildActionMask = 2147483647;
			files = (
			);
			runOnlyForDeploymentPostprocessing = 0;
		};
		747E10C02E433F1C00AE9424 /* Resources */ = {
			isa = PBXResourcesBuildPhase;
			buildActionMask = 2147483647;
			files = (
			);
			runOnlyForDeploymentPostprocessing = 0;
		};
		747E10CA2E433F1C00AE9424 /* Resources */ = {
			isa = PBXResourcesBuildPhase;
			buildActionMask = 2147483647;
			files = (
			);
			runOnlyForDeploymentPostprocessing = 0;
		};
/* End PBXResourcesBuildPhase section */

/* Begin PBXSourcesBuildPhase section */
		747E10B02E433F1A00AE9424 /* Sources */ = {
			isa = PBXSourcesBuildPhase;
			buildActionMask = 2147483647;
			files = (
			);
			runOnlyForDeploymentPostprocessing = 0;
		};
		747E10BE2E433F1C00AE9424 /* Sources */ = {
			isa = PBXSourcesBuildPhase;
			buildActionMask = 2147483647;
			files = (
			);
			runOnlyForDeploymentPostprocessing = 0;
		};
		747E10C82E433F1C00AE9424 /* Sources */ = {
			isa = PBXSourcesBuildPhase;
			buildActionMask = 2147483647;
			files = (
			);
			runOnlyForDeploymentPostprocessing = 0;
		};
/* End PBXSourcesBuildPhase section */

/* Begin PBXTargetDependency section */
		747E10C42E433F1C00AE9424 /* PBXTargetDependency */ = {
			isa = PBXTargetDependency;
			target = 747E10B32E433F1A00AE9424 /* wifiautologin */;
			targetProxy = 747E10C32E433F1C00AE9424 /* PBXContainerItemProxy */;
		};
		747E10CE2E433F1C00AE9424 /* PBXTargetDependency */ = {
			isa = PBXTargetDependency;
			target = 747E10B32E433F1A00AE9424 /* wifiautologin */;
			targetProxy = 747E10CD2E433F1C00AE9424 /* PBXContainerItemProxy */;
		};
/* End PBXTargetDependency section */

/* Begin XCBuildConfiguration section */
		747E10D42E433F1C00AE9424 /* Debug */ = {
			isa = XCBuildConfiguration;
			buildSettings = {
				ALWAYS_SEARCH_USER_PATHS = NO;
				ASSETCATALOG_COMPILER_GENERATE_SWIFT_ASSET_SYMBOL_EXTENSIONS = YES;
				CLANG_ANALYZER_NONNULL = YES;
				CLANG_ANALYZER_NUMBER_OBJECT_CONVERSION = YES_AGGRESSIVE;
				CLANG_CXX_LANGUAGE_STANDARD = "gnu++20";
				CLANG_ENABLE_MODULES = YES;
				CLANG_ENABLE_OBJC_ARC = YES;
				CLANG_ENABLE_OBJC_WEAK = YES;
				CLANG_WARN_BLOCK_CAPTURE_AUTORELEASING = YES;
				CLANG_WARN_BOOL_CONVERSION = YES;
				CLANG_WARN_COMMA = YES;
				CLANG_WARN_CONSTANT_CONVERSION = YES;
				CLANG_WARN_DEPRECATED_OBJC_IMPLEMENTATIONS = YES;
				CLANG_WARN_DIRECT_OBJC_ISA_USAGE = YES_ERROR;
				CLANG_WARN_DOCUMENTATION_COMMENTS = YES;
				CLANG_WARN_EMPTY_BODY = YES;
				CLANG_WARN_ENUM_CONVERSION = YES;
				CLANG_WARN_INFINITE_RECURSION = YES;
				CLANG_WARN_INT_CONVERSION = YES;
				CLANG_WARN_NON_LITERAL_NULL_CONVERSION = YES;
				CLANG_WARN_OBJC_IMPLICIT_RETAIN_SELF = YES;
				CLANG_WARN_OBJC_LITERAL_CONVERSION = YES;
				CLANG_WARN_OBJC_ROOT_CLASS = YES_ERROR;
				CLANG_WARN_QUOTED_INCLUDE_IN_FRAMEWORK_HEADER = YES;
				CLANG_WARN_RANGE_LOOP_ANALYSIS = YES;
				CLANG_WARN_STRICT_PROTOTYPES = YES;
				CLANG_WARN_SUSPICIOUS_MOVE = YES;
				CLANG_WARN_UNGUARDED_AVAILABILITY = YES_AGGRESSIVE;
				CLANG_WARN_UNREACHABLE_CODE = YES;
				CLANG_WARN__DUPLICATE_METHOD_MATCH = YES;
				COPY_PHASE_STRIP = NO;
				DEBUG_INFORMATION_FORMAT = dwarf;
				DEVELOPMENT_TEAM = RVK8HKBXN6;
				ENABLE_STRICT_OBJC_MSGSEND = YES;
				ENABLE_TESTABILITY = YES;
				ENABLE_USER_SCRIPT_SANDBOXING = YES;
				GCC_C_LANGUAGE_STANDARD = gnu17;
				GCC_DYNAMIC_NO_PIC = NO;
				GCC_NO_COMMON_BLOCKS = YES;
				GCC_OPTIMIZATION_LEVEL = 0;
				GCC_PREPROCESSOR_DEFINITIONS = (
					"DEBUG=1",
					"$(inherited)",
				);
				GCC_WARN_64_TO_32_BIT_CONVERSION = YES;
				GCC_WARN_ABOUT_RETURN_TYPE = YES_ERROR;
				GCC_WARN_UNDECLARED_SELECTOR = YES;
				GCC_WARN_UNINITIALIZED_AUTOS = YES_AGGRESSIVE;
				GCC_WARN_UNUSED_FUNCTION = YES;
				GCC_WARN_UNUSED_VARIABLE = YES;
				LOCALIZATION_PREFERS_STRING_CATALOGS = YES;
				MACOSX_DEPLOYMENT_TARGET = 15.5;
				MTL_ENABLE_DEBUG_INFO = INCLUDE_SOURCE;
				MTL_FAST_MATH = YES;
				ONLY_ACTIVE_ARCH = YES;
				SDKROOT = macosx;
				SWIFT_ACTIVE_COMPILATION_CONDITIONS = "DEBUG $(inherited)";
				SWIFT_OPTIMIZATION_LEVEL = "-Onone";
			};
			name = Debug;
		};
		747E10D52E433F1C00AE9424 /* Release */ = {
			isa = XCBuildConfiguration;
			buildSettings = {
				ALWAYS_SEARCH_USER_PATHS = NO;
				ASSETCATALOG_COMPILER_GENERATE_SWIFT_ASSET_SYMBOL_EXTENSIONS = YES;
				CLANG_ANALYZER_NONNULL = YES;
				CLANG_ANALYZER_NUMBER_OBJECT_CONVERSION = YES_AGGRESSIVE;
				CLANG_CXX_LANGUAGE_STANDARD = "gnu++20";
				CLANG_ENABLE_MODULES = YES;
				CLANG_ENABLE_OBJC_ARC = YES;
				CLANG_ENABLE_OBJC_WEAK = YES;
				CLANG_WARN_BLOCK_CAPTURE_AUTORELEASING = YES;
				CLANG_WARN_BOOL_CONVERSION = YES;
				CLANG_WARN_COMMA = YES;
				CLANG_WARN_CONSTANT_CONVERSION = YES;
				CLANG_WARN_DEPRECATED_OBJC_IMPLEMENTATIONS = YES;
				CLANG_WARN_DIRECT_OBJC_ISA_USAGE = YES_ERROR;
				CLANG_WARN_DOCUMENTATION_COMMENTS = YES;
				CLANG_WARN_EMPTY_BODY = YES;
				CLANG_WARN_ENUM_CONVERSION = YES;
				CLANG_WARN_INFINITE_RECURSION = YES;
				CLANG_WARN_INT_CONVERSION = YES;
				CLANG_WARN_NON_LITERAL_NULL_CONVERSION = YES;
				CLANG_WARN_OBJC_IMPLICIT_RETAIN_SELF = YES;
				CLANG_WARN_OBJC_LITERAL_CONVERSION = YES;
				CLANG_WARN_OBJC_ROOT_CLASS = YES_ERROR;
				CLANG_WARN_QUOTED_INCLUDE_IN_FRAMEWORK_HEADER = YES;
				CLANG_WARN_RANGE_LOOP_ANALYSIS = YES;
				CLANG_WARN_STRICT_PROTOTYPES = YES;
				CLANG_WARN_SUSPICIOUS_MOVE = YES;
				CLANG_WARN_UNGUARDED_AVAILABILITY = YES_AGGRESSIVE;
				CLANG_WARN_UNREACHABLE_CODE = YES;
				CLANG_WARN__DUPLICATE_METHOD_MATCH = YES;
				COPY_PHASE_STRIP = NO;
				DEBUG_INFORMATION_FORMAT = "dwarf-with-dsym";
				DEVELOPMENT_TEAM = RVK8HKBXN6;
				ENABLE_NS_ASSERTIONS = NO;
				ENABLE_STRICT_OBJC_MSGSEND = YES;
				ENABLE_USER_SCRIPT_SANDBOXING = YES;
				GCC_C_LANGUAGE_STANDARD = gnu17;
				GCC_NO_COMMON_BLOCKS = YES;
				GCC_WARN_64_TO_32_BIT_CONVERSION = YES;
				GCC_WARN_ABOUT_RETURN_TYPE = YES_ERROR;
				GCC_WARN_UNDECLARED_SELECTOR = YES;
				GCC_WARN_UNINITIALIZED_AUTOS = YES_AGGRESSIVE;
				GCC_WARN_UNUSED_FUNCTION = YES;
				GCC_WARN_UNUSED_VARIABLE = YES;
				LOCALIZATION_PREFERS_STRING_CATALOGS = YES;
				MACOSX_DEPLOYMENT_TARGET = 15.5;
				MTL_ENABLE_DEBUG_INFO = NO;
				MTL_FAST_MATH = YES;
				SDKROOT = macosx;
				SWIFT_COMPILATION_MODE = wholemodule;
			};
			name = Release;
		};
		747E10D72E433F1C00AE9424 /* Debug */ = {
			isa = XCBuildConfiguration;
			buildSettings = {
				ASSETCATALOG_COMPILER_APPICON_NAME = AppIcon;
				ASSETCATALOG_COMPILER_GLOBAL_ACCENT_COLOR_NAME = AccentColor;
				CODE_SIGN_ENTITLEMENTS = wifiautologin/wifiautologin.entitlements;
				CODE_SIGN_STYLE = Automatic;
				COMBINE_HIDPI_IMAGES = YES;
				CURRENT_PROJECT_VERSION = 1;
				DEVELOPMENT_TEAM = RVK8HKBXN6;
				ENABLE_HARDENED_RUNTIME = YES;
				ENABLE_PREVIEWS = YES;
				GENERATE_INFOPLIST_FILE = YES;
				INFOPLIST_KEY_NSHumanReadableCopyright = "";
				LD_RUNPATH_SEARCH_PATHS = (
					"$(inherited)",
					"@executable_path/../Frameworks",
				);
				MARKETING_VERSION = 1.0;
				PRODUCT_BUNDLE_IDENTIFIER = com.arjunmnath.wifiautologin;
				PRODUCT_NAME = "$(TARGET_NAME)";
				REGISTER_APP_GROUPS = YES;
				SWIFT_EMIT_LOC_STRINGS = YES;
				SWIFT_VERSION = 5.0;
			};
			name = Debug;
		};
		747E10D82E433F1C00AE9424 /* Release */ = {
			isa = XCBuildConfiguration;
			buildSettings = {
				ASSETCATALOG_COMPILER_APPICON_NAME = AppIcon;
				ASSETCATALOG_COMPILER_GLOBAL_ACCENT_COLOR_NAME = AccentColor;
				CODE_SIGN_ENTITLEMENTS = wifiautologin/wifiautologin.entitlements;
				CODE_SIGN_STYLE = Automatic;
				COMBINE_HIDPI_IMAGES = YES;
				CURRENT_PROJECT_VERSION = 1;
				DEVELOPMENT_TEAM = RVK8HKBXN6;
				ENABLE_HARDENED_RUNTIME = YES;
				ENABLE_PREVIEWS = YES;
				GENERATE_INFOPLIST_FILE = YES;
				INFOPLIST_KEY_NSHumanReadableCopyright = "";
				LD_RUNPATH_SEARCH_PATHS = (
					"$(inherited)",
					"@executable_path/../Frameworks",
				);
				MARKETING_VERSION = 1.0;
				PRODUCT_BUNDLE_IDENTIFIER = com.arjunmnath.wifiautologin;
				PRODUCT_NAME = "$(TARGET_NAME)";
				REGISTER_APP_GROUPS = YES;
				SWIFT_EMIT_LOC_STRINGS = YES;
				SWIFT_VERSION = 5.0;
			};
			name = Release;
		};
		747E10DA2E433F1C00AE9424 /* Debug */ = {
			isa = XCBuildConfiguration;
			buildSettings = {
				BUNDLE_LOADER = "$(TEST_HOST)";
				CODE_SIGN_STYLE = Automatic;
				CURRENT_PROJECT_VERSION = 1;
				DEVELOPMENT_TEAM = RVK8HKBXN6;
				GENERATE_INFOPLIST_FILE = YES;
				MACOSX_DEPLOYMENT_TARGET = 15.5;
				MARKETING_VERSION = 1.0;
				PRODUCT_BUNDLE_IDENTIFIER = com.arjunmnath.wifiautologinTests;
				PRODUCT_NAME = "$(TARGET_NAME)";
				SWIFT_EMIT_LOC_STRINGS = NO;
				SWIFT_VERSION = 5.0;
				TEST_HOST = "$(BUILT_PRODUCTS_DIR)/wifiautologin.app/$(BUNDLE_EXECUTABLE_FOLDER_PATH)/wifiautologin";
			};
			name = Debug;
		};
		747E10DB2E433F1C00AE9424 /* Release */ = {
			isa = XCBuildConfiguration;
			buildSettings = {
				BUNDLE_LOADER = "$(TEST_HOST)";
				CODE_SIGN_STYLE = Automatic;
				CURRENT_PROJECT_VERSION = 1;
				DEVELOPMENT_TEAM = RVK8HKBXN6;
				GENERATE_INFOPLIST_FILE = YES;
				MACOSX_DEPLOYMENT_TARGET = 15.5;
				MARKETING_VERSION = 1.0;
				PRODUCT_BUNDLE_IDENTIFIER = com.arjunmnath.wifiautologinTests;
				PRODUCT_NAME = "$(TARGET_NAME)";
				SWIFT_EMIT_LOC_STRINGS = NO;
				SWIFT_VERSION = 5.0;
				TEST_HOST = "$(BUILT_PRODUCTS_DIR)/wifiautologin.app/$(BUNDLE_EXECUTABLE_FOLDER_PATH)/wifiautologin";
			};
			name = Release;
		};
		747E10DD2E433F1C00AE9424 /* Debug */ = {
			isa = XCBuildConfiguration;
			buildSettings = {
				CODE_SIGN_STYLE = Automatic;
				CURRENT_PROJECT_VERSION = 1;
				DEVELOPMENT_TEAM = RVK8HKBXN6;
				GENERATE_INFOPLIST_FILE = YES;
				INFOPLIST_KEY_LSBackgroundOnly = YES;
				INFOPLIST_KEY_LSUIElement = NO;
				MARKETING_VERSION = 1.0;
				PRODUCT_BUNDLE_IDENTIFIER = com.arjunmnath.wifiautologinUITests;
				PRODUCT_NAME = "$(TARGET_NAME)";
				SWIFT_EMIT_LOC_STRINGS = NO;
				SWIFT_VERSION = 5.0;
				TEST_TARGET_NAME = wifiautologin;
			};
			name = Debug;
		};
		747E10DE2E433F1C00AE9424 /* Release */ = {
			isa = XCBuildConfiguration;
			buildSettings = {
				CODE_SIGN_STYLE = Automatic;
				CURRENT_PROJECT_VERSION = 1;
				DEVELOPMENT_TEAM = RVK8HKBXN6;
				GENERATE_INFOPLIST_FILE = YES;
				INFOPLIST_KEY_LSBackgroundOnly = YES;
				INFOPLIST_KEY_LSUIElement = NO;
				MARKETING_VERSION = 1.0;
				PRODUCT_BUNDLE_IDENTIFIER = com.arjunmnath.wifiautologinUITests;
				PRODUCT_NAME = "$(TARGET_NAME)";
				SWIFT_EMIT_LOC_STRINGS = NO;
				SWIFT_VERSION = 5.0;
				TEST_TARGET_NAME = wifiautologin;
			};
			name = Release;
		};
/* End XCBuildConfiguration section */

/* Begin XCConfigurationList section */
		747E10AF2E433F1A00AE9424 /* Build configuration list for PBXProject "wifiautologin" */ = {
			isa = XCConfigurationList;
			buildConfigurations = (
				747E10D42E433F1C00AE9424 /* Debug */,
				747E10D52E433F1C00AE9424 /* Release */,
			);
			defaultConfigurationIsVisible = 0;
			defaultConfigurationName = Release;
		};
		747E10D62E433F1C00AE9424 /* Build configuration list for PBXNativeTarget "wifiautologin" */ = {
			isa = XCConfigurationList;
			buildConfigurations = (
				747E10D72E433F1C00AE9424 /* Debug */,
				747E10D82E433F1C00AE9424 /* Release */,
			);
			defaultConfigurationIsVisible = 0;
			defaultConfigurationName = Release;
		};
		747E10D92E433F1C00AE9424 /* Build configuration list for PBXNativeTarget "wifiautologinTests" */ = {
			isa = XCConfigurationList;
			buildConfigurations = (
				747E10DA2E433F1C00AE9424 /* Debug */,
				747E10DB2E433F1C00AE9424 /* Release */,
			);
			defaultConfigurationIsVisible = 0;
			defaultConfigurationName = Release;
		};
		747E10DC2E433F1C00AE9424 /* Build configuration list for PBXNativeTarget "wifiautologinUITests" */ = {
			isa = XCConfigurationList;
			buildConfigurations = (
				747E10DD2E433F1C00AE9424 /* Debug */,
				747E10DE2E433F1C00AE9424 /* Release */,
			);
			defaultConfigurationIsVisible = 0;
			defaultConfigurationName = Release;
		};
/* End XCConfigurationList section */
	};
	rootObject = 747E10AC2E433F1A00AE9424 /* Project object */;
}
